
Microsoft Visual Studio Solution File, Format Version 12.00
# Visual Studio Version 17
VisualStudioVersion = 17.9.34701.34
MinimumVisualStudioVersion = 10.0.40219.1
Project("{9A19103F-16F7-4668-BE54-9A1E7A4F7556}") = "OfficeManagerWPF", "OfficeManagerWPF.csproj", "{3AB5856D-7EEC-4CE7-81D3-7EAD8C60BA03}"
EndProject
Global
	GlobalSection(SolutionConfigurationPlatforms) = preSolution
		Debug|Any CPU = Debug|Any CPU
		Release|Any CPU = Release|Any CPU
	EndGlobalSection
	GlobalSection(ProjectConfigurationPlatforms) = postSolution
		{3AB5856D-7EEC-4CE7-81D3-7EAD8C60BA03}.Debug|Any CPU.ActiveCfg = Debug|Any CPU
		{3AB5856D-7EEC-4CE7-81D3-7EAD8C60BA03}.Debug|Any CPU.Build.0 = Debug|Any CPU
		{3AB5856D-7EEC-4CE7-81D3-7EAD8C60BA03}.Release|Any CPU.ActiveCfg = Release|Any CPU
		{3AB5856D-7EEC-4CE7-81D3-7EAD8C60BA03}.Release|Any CPU.Build.0 = Release|Any CPU
	EndGlobalSection
	GlobalSection(SolutionProperties) = preSolution
		HideSolutionNode = FALSE
	EndGlobalSection
	GlobalSection(ExtensibilityGlobals) = postSolution
		SolutionGuid = {FD524273-4312-4956-A5D4-29D984D46486}
	EndGlobalSection
EndGlobal
